
Microsoft Visual Studio Solution File, Format Version 12.00
# Visual Studio 15
VisualStudioVersion = 15.0.28307.960
MinimumVisualStudioVersion = 10.0.40219.1
Project("{FAE04EC0-301F-11D3-BF4B-00C04F79EFBC}") = "IBankingApp", "IBankingApp\IBankingApp.csproj", "{CC7359E4-4168-4CDB-A61C-91147762A517}"
EndProject
Global
	GlobalSection(SolutionConfigurationPlatforms) = preSolution
		Debug|Any CPU = Debug|Any CPU
		Release|Any CPU = Release|Any CPU
	EndGlobalSection
	GlobalSection(ProjectConfigurationPlatforms) = postSolution
		{CC7359E4-4168-4CDB-A61C-91147762A517}.Debug|Any CPU.ActiveCfg = Debug|Any CPU
		{CC7359E4-4168-4CDB-A61C-91147762A517}.Debug|Any CPU.Build.0 = Debug|Any CPU
		{CC7359E4-4168-4CDB-A61C-91147762A517}.Release|Any CPU.ActiveCfg = Release|Any CPU
		{CC7359E4-4168-4CDB-A61C-91147762A517}.Release|Any CPU.Build.0 = Release|Any CPU
	EndGlobalSection
	GlobalSection(SolutionProperties) = preSolution
		HideSolutionNode = FALSE
	EndGlobalSection
	GlobalSection(ExtensibilityGlobals) = postSolution
		SolutionGuid = {E3566429-79A2-4B29-AC27-C00EFC001E5B}
	EndGlobalSection
EndGlobal
